
Microsoft Visual Studio Solution File, Format Version 12.00
# Visual Studio Version 17
VisualStudioVersion = 17.6.33723.286
MinimumVisualStudioVersion = 10.0.40219.1
Project("{9A19103F-16F7-4668-BE54-9A1E7A4F7556}") = "backlogs", "backlogs.csproj", "{4904750C-AB51-46A9-91FE-5ECE61E31696}"
EndProject
Global
	GlobalSection(SolutionConfigurationPlatforms) = preSolution
		Debug|Any CPU = Debug|Any CPU
		Release|Any CPU = Release|Any CPU
	EndGlobalSection
	GlobalSection(ProjectConfigurationPlatforms) = postSolution
		{4904750C-AB51-46A9-91FE-5ECE61E31696}.Debug|Any CPU.ActiveCfg = Debug|Any CPU
		{4904750C-AB51-46A9-91FE-5ECE61E31696}.Debug|Any CPU.Build.0 = Debug|Any CPU
		{4904750C-AB51-46A9-91FE-5ECE61E31696}.Release|Any CPU.ActiveCfg = Release|Any CPU
		{4904750C-AB51-46A9-91FE-5ECE61E31696}.Release|Any CPU.Build.0 = Release|Any CPU
	EndGlobalSection
	GlobalSection(SolutionProperties) = preSolution
		HideSolutionNode = FALSE
	EndGlobalSection
	GlobalSection(ExtensibilityGlobals) = postSolution
		SolutionGuid = {22A4042F-504D-4F00-88B8-2B2B0753C352}
	EndGlobalSection
EndGlobal
